
Microsoft Visual Studio Solution File, Format Version 12.00
# Visual Studio 15
VisualStudioVersion = 15.0.27703.2035
MinimumVisualStudioVersion = 10.0.40219.1
Project("{FAE04EC0-301F-11D3-BF4B-00C04F79EFBC}") = "Samples.DomainGatewayApp", "Samples.DomainGatewayApp\Samples.DomainGatewayApp.csproj", "{9C69E2B0-F99C-4605-A9D6-460B95FEE2EE}"
EndProject
Project("{2150E333-8FDC-42A3-9474-1A3956D46DE8}") = "src", "src", "{AD18CDA9-0560-4ADA-8236-1F9121807244}"
EndProject
Project("{2150E333-8FDC-42A3-9474-1A3956D46DE8}") = "domain", "domain", "{5814BDC9-5886-4EE8-85AE-64B23869EFEB}"
EndProject
Project("{FAE04EC0-301F-11D3-BF4B-00C04F79EFBC}") = "AppDomain", "AppDomain\AppDomain.csproj", "{360B8B13-6248-4DA1-BAF7-79978D2E4D45}"
EndProject
Project("{2150E333-8FDC-42A3-9474-1A3956D46DE8}") = "infrastructure", "infrastructure", "{6FB82958-5DA1-453D-BD8B-B908AFA1C581}"
EndProject
Project("{FAE04EC0-301F-11D3-BF4B-00C04F79EFBC}") = "AppHTTPProvider", "AppHTTPProvider\AppHTTPProvider.csproj", "{8484A01B-AF6C-4F4D-8F48-7F8682057BD2}"
EndProject
Project("{FAE04EC0-301F-11D3-BF4B-00C04F79EFBC}") = "BaseDomain", "BaseDomain\BaseDomain.csproj", "{437AD880-5BF0-470A-85A4-DC23CC646707}"
EndProject
Project("{2150E333-8FDC-42A3-9474-1A3956D46DE8}") = "application", "application", "{975AA7CC-DBDD-49E0-8ECA-B838837F8A5F}"
EndProject
Project("{2150E333-8FDC-42A3-9474-1A3956D46DE8}") = "api", "api", "{1A485646-B9EC-4A5B-A37D-CA6C65960643}"
EndProject
Global
	GlobalSection(SolutionConfigurationPlatforms) = preSolution
		Debug|Any CPU = Debug|Any CPU
		Release|Any CPU = Release|Any CPU
	EndGlobalSection
	GlobalSection(ProjectConfigurationPlatforms) = postSolution
		{9C69E2B0-F99C-4605-A9D6-460B95FEE2EE}.Debug|Any CPU.ActiveCfg = Debug|Any CPU
		{9C69E2B0-F99C-4605-A9D6-460B95FEE2EE}.Debug|Any CPU.Build.0 = Debug|Any CPU
		{9C69E2B0-F99C-4605-A9D6-460B95FEE2EE}.Release|Any CPU.ActiveCfg = Release|Any CPU
		{9C69E2B0-F99C-4605-A9D6-460B95FEE2EE}.Release|Any CPU.Build.0 = Release|Any CPU
		{360B8B13-6248-4DA1-BAF7-79978D2E4D45}.Debug|Any CPU.ActiveCfg = Debug|Any CPU
		{360B8B13-6248-4DA1-BAF7-79978D2E4D45}.Debug|Any CPU.Build.0 = Debug|Any CPU
		{360B8B13-6248-4DA1-BAF7-79978D2E4D45}.Release|Any CPU.ActiveCfg = Release|Any CPU
		{360B8B13-6248-4DA1-BAF7-79978D2E4D45}.Release|Any CPU.Build.0 = Release|Any CPU
		{8484A01B-AF6C-4F4D-8F48-7F8682057BD2}.Debug|Any CPU.ActiveCfg = Debug|Any CPU
		{8484A01B-AF6C-4F4D-8F48-7F8682057BD2}.Debug|Any CPU.Build.0 = Debug|Any CPU
		{8484A01B-AF6C-4F4D-8F48-7F8682057BD2}.Release|Any CPU.ActiveCfg = Release|Any CPU
		{8484A01B-AF6C-4F4D-8F48-7F8682057BD2}.Release|Any CPU.Build.0 = Release|Any CPU
		{437AD880-5BF0-470A-85A4-DC23CC646707}.Debug|Any CPU.ActiveCfg = Debug|Any CPU
		{437AD880-5BF0-470A-85A4-DC23CC646707}.Debug|Any CPU.Build.0 = Debug|Any CPU
		{437AD880-5BF0-470A-85A4-DC23CC646707}.Release|Any CPU.ActiveCfg = Release|Any CPU
		{437AD880-5BF0-470A-85A4-DC23CC646707}.Release|Any CPU.Build.0 = Release|Any CPU
	EndGlobalSection
	GlobalSection(SolutionProperties) = preSolution
		HideSolutionNode = FALSE
	EndGlobalSection
	GlobalSection(NestedProjects) = preSolution
		{9C69E2B0-F99C-4605-A9D6-460B95FEE2EE} = {1A485646-B9EC-4A5B-A37D-CA6C65960643}
		{5814BDC9-5886-4EE8-85AE-64B23869EFEB} = {AD18CDA9-0560-4ADA-8236-1F9121807244}
		{360B8B13-6248-4DA1-BAF7-79978D2E4D45} = {5814BDC9-5886-4EE8-85AE-64B23869EFEB}
		{6FB82958-5DA1-453D-BD8B-B908AFA1C581} = {AD18CDA9-0560-4ADA-8236-1F9121807244}
		{8484A01B-AF6C-4F4D-8F48-7F8682057BD2} = {6FB82958-5DA1-453D-BD8B-B908AFA1C581}
		{437AD880-5BF0-470A-85A4-DC23CC646707} = {5814BDC9-5886-4EE8-85AE-64B23869EFEB}
		{975AA7CC-DBDD-49E0-8ECA-B838837F8A5F} = {AD18CDA9-0560-4ADA-8236-1F9121807244}
		{1A485646-B9EC-4A5B-A37D-CA6C65960643} = {AD18CDA9-0560-4ADA-8236-1F9121807244}
	EndGlobalSection
	GlobalSection(ExtensibilityGlobals) = postSolution
		SolutionGuid = {0DDDD5E8-C385-495B-B400-4E12AEEC96D4}
	EndGlobalSection
EndGlobal
